
Microsoft Visual Studio Solution File, Format Version 12.00
# Visual Studio Version 17
VisualStudioVersion = 17.7.34221.43
MinimumVisualStudioVersion = 10.0.40219.1
Project("{FAE04EC0-301F-11D3-BF4B-00C04F79EFBC}") = "Calculadora", "Calculadora\Calculadora.csproj", "{8ACB9BF2-387D-4CF8-9C8F-C0A00DF0C2BF}"
EndProject
Global
	GlobalSection(SolutionConfigurationPlatforms) = preSolution
		Debug|Any CPU = Debug|Any CPU
		Release|Any CPU = Release|Any CPU
	EndGlobalSection
	GlobalSection(ProjectConfigurationPlatforms) = postSolution
		{8ACB9BF2-387D-4CF8-9C8F-C0A00DF0C2BF}.Debug|Any CPU.ActiveCfg = Debug|Any CPU
		{8ACB9BF2-387D-4CF8-9C8F-C0A00DF0C2BF}.Debug|Any CPU.Build.0 = Debug|Any CPU
		{8ACB9BF2-387D-4CF8-9C8F-C0A00DF0C2BF}.Release|Any CPU.ActiveCfg = Release|Any CPU
		{8ACB9BF2-387D-4CF8-9C8F-C0A00DF0C2BF}.Release|Any CPU.Build.0 = Release|Any CPU
	EndGlobalSection
	GlobalSection(SolutionProperties) = preSolution
		HideSolutionNode = FALSE
	EndGlobalSection
	GlobalSection(ExtensibilityGlobals) = postSolution
		SolutionGuid = {6D91BBA3-F089-4BB8-A234-38708016216A}
	EndGlobalSection
EndGlobal
